{
  "name": "yarp-websocket-client",
  "version": "0.0.1",
  "lockfileVersion": 1,
  "dependencies": {
    "es6-promise": {
      "version": "4.2.8",
      "resolved": "https://registry.npmjs.org/es6-promise/-/es6-promise-4.2.8.tgz",
      "integrity": "sha512-HJDGx5daxeIvxdBxvG2cb9g4tEvwIk3i8+nhX0yGrYmZUzbkdg8QbDevheDB8gd0//uPj4c1EQua8Q+MViT0/w=="
    },
    "es6-shim": {
      "version": "0.35.6",
      "resolved": "https://registry.npmjs.org/es6-shim/-/es6-shim-0.35.6.tgz",
      "integrity": "sha512-EmTr31wppcaIAgblChZiuN/l9Y7DPyw8Xtbg7fIVngn6zMW+IEBJDJngeKC3x6wr0V/vcA2wqeFnaw1bFJbDdA=="
    },
    "typescript": {
      "version": "4.2.4",
      "resolved": "https://registry.npmjs.org/typescript/-/typescript-4.2.4.tgz",
      "integrity": "sha512-V+evlYHZnQkaz8TRBuxTA92yZBPotr5H+WhQ7bD3hZUndx5tGOa1fuCgeSjxAzM1RiN5IzvadIXTVefuuwZCRg=="
    }
  }
}
